
Microsoft Visual Studio Solution File, Format Version 12.00
# Visual Studio Version 17
VisualStudioVersion = 17.14.36401.2 d17.14
MinimumVisualStudioVersion = 10.0.40219.1
Project("{FAE04EC0-301F-11D3-BF4B-00C04F79EFBC}") = "trinova-erp-backend", "trinova-erp-backend.csproj", "{BE5B90BE-4CDD-4C28-907E-5C189FE9790E}"
EndProject
Global
	GlobalSection(SolutionConfigurationPlatforms) = preSolution
		Debug|Any CPU = Debug|Any CPU
		Release|Any CPU = Release|Any CPU
	EndGlobalSection
	GlobalSection(ProjectConfigurationPlatforms) = postSolution
		{BE5B90BE-4CDD-4C28-907E-5C189FE9790E}.Debug|Any CPU.ActiveCfg = Debug|Any CPU
		{BE5B90BE-4CDD-4C28-907E-5C189FE9790E}.Debug|Any CPU.Build.0 = Debug|Any CPU
		{BE5B90BE-4CDD-4C28-907E-5C189FE9790E}.Release|Any CPU.ActiveCfg = Release|Any CPU
		{BE5B90BE-4CDD-4C28-907E-5C189FE9790E}.Release|Any CPU.Build.0 = Release|Any CPU
	EndGlobalSection
	GlobalSection(SolutionProperties) = preSolution
		HideSolutionNode = FALSE
	EndGlobalSection
	GlobalSection(ExtensibilityGlobals) = postSolution
		SolutionGuid = {473E7E54-3093-45E3-84C3-023804F85A8F}
	EndGlobalSection
EndGlobal
